
Microsoft Visual Studio Solution File, Format Version 12.00
#
Project("{FAE04EC0-301F-11D3-BF4B-00C04F79EFBC}") = "Halifax.Core", "Halifax.Core\Halifax.Core.csproj", "{35709FE0-2BF8-447D-8751-F48177B5D343}"
EndProject
Project("{FAE04EC0-301F-11D3-BF4B-00C04F79EFBC}") = "Halifax.Api", "Halifax.Api\Halifax.Api.csproj", "{9E829AFE-68A2-4A27-AA7A-1557BE16DF46}"
EndProject
Project("{FAE04EC0-301F-11D3-BF4B-00C04F79EFBC}") = "PeggysCove.Api", "PeggysCove.Api\PeggysCove.Api.csproj", "{2C1F3FBB-BE70-4F61-BF73-849E6AAFC494}"
EndProject
Project("{FAE04EC0-301F-11D3-BF4B-00C04F79EFBC}") = "Halifax.Domain", "Halifax.Domain\Halifax.Domain.csproj", "{F87CA22B-32E3-48DE-9F25-227646EF8BD3}"
EndProject
Project("{FAE04EC0-301F-11D3-BF4B-00C04F79EFBC}") = "Halifax.Http", "Halifax.Http\Halifax.Http.csproj", "{622B9B0F-18D5-4C49-9AE6-51D1ECBE2B26}"
EndProject
Project("{2150E333-8FDC-42A3-9474-1A3956D46DE8}") = "Items", "Items", "{12B75C84-650D-4B72-A8AC-EA4E70B3AE0D}"
	ProjectSection(SolutionItems) = preProject
		README.md = README.md
		LICENSE.md = LICENSE.md
		Icon.png = Icon.png
	EndProjectSection
EndProject
Project("{FAE04EC0-301F-11D3-BF4B-00C04F79EFBC}") = "Halifax.Core.Tests", "Halifax.Core.Tests\Halifax.Core.Tests.csproj", "{F1922D5A-FCCB-4459-A6AE-E9DD1E852F2A}"
EndProject
Project("{2150E333-8FDC-42A3-9474-1A3956D46DE8}") = "Tests", "Tests", "{574AFF86-A2A2-4C0F-BC72-6C961FEDE350}"
EndProject
Project("{FAE04EC0-301F-11D3-BF4B-00C04F79EFBC}") = "Halifax.Excel", "Halifax.Excel\Halifax.Excel.csproj", "{6E1AE29B-FAFC-401D-A87B-16003A505C43}"
EndProject
Global
	GlobalSection(SolutionConfigurationPlatforms) = preSolution
		Debug|Any CPU = Debug|Any CPU
		Release|Any CPU = Release|Any CPU
	EndGlobalSection
	GlobalSection(ProjectConfigurationPlatforms) = postSolution
		{35709FE0-2BF8-447D-8751-F48177B5D343}.Debug|Any CPU.ActiveCfg = Debug|Any CPU
		{35709FE0-2BF8-447D-8751-F48177B5D343}.Debug|Any CPU.Build.0 = Debug|Any CPU
		{35709FE0-2BF8-447D-8751-F48177B5D343}.Release|Any CPU.ActiveCfg = Release|Any CPU
		{35709FE0-2BF8-447D-8751-F48177B5D343}.Release|Any CPU.Build.0 = Release|Any CPU
		{9E829AFE-68A2-4A27-AA7A-1557BE16DF46}.Debug|Any CPU.ActiveCfg = Debug|Any CPU
		{9E829AFE-68A2-4A27-AA7A-1557BE16DF46}.Debug|Any CPU.Build.0 = Debug|Any CPU
		{9E829AFE-68A2-4A27-AA7A-1557BE16DF46}.Release|Any CPU.ActiveCfg = Release|Any CPU
		{9E829AFE-68A2-4A27-AA7A-1557BE16DF46}.Release|Any CPU.Build.0 = Release|Any CPU
		{2C1F3FBB-BE70-4F61-BF73-849E6AAFC494}.Debug|Any CPU.ActiveCfg = Debug|Any CPU
		{2C1F3FBB-BE70-4F61-BF73-849E6AAFC494}.Debug|Any CPU.Build.0 = Debug|Any CPU
		{2C1F3FBB-BE70-4F61-BF73-849E6AAFC494}.Release|Any CPU.ActiveCfg = Release|Any CPU
		{2C1F3FBB-BE70-4F61-BF73-849E6AAFC494}.Release|Any CPU.Build.0 = Release|Any CPU
		{75AC9228-2DBE-4F91-8460-1D1ABA803E0B}.Debug|Any CPU.ActiveCfg = Debug|Any CPU
		{75AC9228-2DBE-4F91-8460-1D1ABA803E0B}.Debug|Any CPU.Build.0 = Debug|Any CPU
		{75AC9228-2DBE-4F91-8460-1D1ABA803E0B}.Release|Any CPU.ActiveCfg = Release|Any CPU
		{75AC9228-2DBE-4F91-8460-1D1ABA803E0B}.Release|Any CPU.Build.0 = Release|Any CPU
		{F87CA22B-32E3-48DE-9F25-227646EF8BD3}.Debug|Any CPU.ActiveCfg = Debug|Any CPU
		{F87CA22B-32E3-48DE-9F25-227646EF8BD3}.Debug|Any CPU.Build.0 = Debug|Any CPU
		{F87CA22B-32E3-48DE-9F25-227646EF8BD3}.Release|Any CPU.ActiveCfg = Release|Any CPU
		{F87CA22B-32E3-48DE-9F25-227646EF8BD3}.Release|Any CPU.Build.0 = Release|Any CPU
		{622B9B0F-18D5-4C49-9AE6-51D1ECBE2B26}.Debug|Any CPU.ActiveCfg = Debug|Any CPU
		{622B9B0F-18D5-4C49-9AE6-51D1ECBE2B26}.Debug|Any CPU.Build.0 = Debug|Any CPU
		{622B9B0F-18D5-4C49-9AE6-51D1ECBE2B26}.Release|Any CPU.ActiveCfg = Release|Any CPU
		{622B9B0F-18D5-4C49-9AE6-51D1ECBE2B26}.Release|Any CPU.Build.0 = Release|Any CPU
		{F1922D5A-FCCB-4459-A6AE-E9DD1E852F2A}.Debug|Any CPU.ActiveCfg = Debug|Any CPU
		{F1922D5A-FCCB-4459-A6AE-E9DD1E852F2A}.Debug|Any CPU.Build.0 = Debug|Any CPU
		{F1922D5A-FCCB-4459-A6AE-E9DD1E852F2A}.Release|Any CPU.ActiveCfg = Release|Any CPU
		{F1922D5A-FCCB-4459-A6AE-E9DD1E852F2A}.Release|Any CPU.Build.0 = Release|Any CPU
		{6E1AE29B-FAFC-401D-A87B-16003A505C43}.Debug|Any CPU.ActiveCfg = Debug|Any CPU
		{6E1AE29B-FAFC-401D-A87B-16003A505C43}.Debug|Any CPU.Build.0 = Debug|Any CPU
		{6E1AE29B-FAFC-401D-A87B-16003A505C43}.Release|Any CPU.ActiveCfg = Release|Any CPU
		{6E1AE29B-FAFC-401D-A87B-16003A505C43}.Release|Any CPU.Build.0 = Release|Any CPU
	EndGlobalSection
	GlobalSection(NestedProjects) = preSolution
		{F1922D5A-FCCB-4459-A6AE-E9DD1E852F2A} = {574AFF86-A2A2-4C0F-BC72-6C961FEDE350}
	EndGlobalSection
EndGlobal
